// !$*UTF8*$!
{
	archiveVersion = 1;
	classes = {
	};
	objectVersion = 50;
	objects = {

/* Begin PBXBuildFile section */
		F880FDFA210DD75200FC89F7 /* OrderedBinaryTree.swift in Sources */ = {isa = PBXBuildFile; fileRef = F880FDF9210DD75200FC89F7 /* OrderedBinaryTree.swift */; };
		F880FE02210DD85500FC89F7 /* TreeUnitTests.swift in Sources */ = {isa = PBXBuildFile; fileRef = F880FE01210DD85500FC89F7 /* TreeUnitTests.swift */; };
		F880FE08210DD98000FC89F7 /* Test_OrderedBinaryTree.swift in Sources */ = {isa = PBXBuildFile; fileRef = F880FE07210DD98000FC89F7 /* Test_OrderedBinaryTree.swift */; };
		F880FE0B210DDABA00FC89F7 /* BinaryNode.swift in Sources */ = {isa = PBXBuildFile; fileRef = F880FE0A210DDABA00FC89F7 /* BinaryNode.swift */; };
		F880FE0C210DE17F00FC89F7 /* OrderedBinaryTree.swift in Sources */ = {isa = PBXBuildFile; fileRef = F880FDF9210DD75200FC89F7 /* OrderedBinaryTree.swift */; };
		F880FE0D210DE1B000FC89F7 /* BinaryNode.swift in Sources */ = {isa = PBXBuildFile; fileRef = F880FE0A210DDABA00FC89F7 /* BinaryNode.swift */; };
		F880FE0E210DEC7300FC89F7 /* Extensions.swift in Sources */ = {isa = PBXBuildFile; fileRef = F8A0B24E210CBC5E00D949DE /* Extensions.swift */; };
		F880FE0F210DEC9000FC89F7 /* AvlTree.swift in Sources */ = {isa = PBXBuildFile; fileRef = F8A0B24C210CBACF00D949DE /* AvlTree.swift */; };
		F8A0B246210CBABC00D949DE /* main.swift in Sources */ = {isa = PBXBuildFile; fileRef = F8A0B245210CBABC00D949DE /* main.swift */; };
		F8A0B24D210CBACF00D949DE /* AvlTree.swift in Sources */ = {isa = PBXBuildFile; fileRef = F8A0B24C210CBACF00D949DE /* AvlTree.swift */; };
		F8A0B24F210CBC5E00D949DE /* Extensions.swift in Sources */ = {isa = PBXBuildFile; fileRef = F8A0B24E210CBC5E00D949DE /* Extensions.swift */; };
		F8B9D108210F1595008806C5 /* AvlNode.swift in Sources */ = {isa = PBXBuildFile; fileRef = F8B9D107210F1595008806C5 /* AvlNode.swift */; };
		F8B9D10A210F27AA008806C5 /* AvlNode.swift in Sources */ = {isa = PBXBuildFile; fileRef = F8B9D107210F1595008806C5 /* AvlNode.swift */; };
/* End PBXBuildFile section */

/* Begin PBXCopyFilesBuildPhase section */
		F8A0B240210CBABC00D949DE /* CopyFiles */ = {
			isa = PBXCopyFilesBuildPhase;
			buildActionMask = 2147483647;
			dstPath = /usr/share/man/man1/;
			dstSubfolderSpec = 0;
			files = (
			);
			runOnlyForDeploymentPostprocessing = 1;
		};
/* End PBXCopyFilesBuildPhase section */

/* Begin PBXFileReference section */
		F880FDF9210DD75200FC89F7 /* OrderedBinaryTree.swift */ = {isa = PBXFileReference; fileEncoding = 4; lastKnownFileType = sourcecode.swift; path = OrderedBinaryTree.swift; sourceTree = "<group>"; };
		F880FDFF210DD85500FC89F7 /* TreeUnitTests.xctest */ = {isa = PBXFileReference; explicitFileType = wrapper.cfbundle; includeInIndex = 0; path = TreeUnitTests.xctest; sourceTree = BUILT_PRODUCTS_DIR; };
		F880FE01210DD85500FC89F7 /* TreeUnitTests.swift */ = {isa = PBXFileReference; lastKnownFileType = sourcecode.swift; path = TreeUnitTests.swift; sourceTree = "<group>"; };
		F880FE03210DD85500FC89F7 /* Info.plist */ = {isa = PBXFileReference; lastKnownFileType = text.plist.xml; path = Info.plist; sourceTree = "<group>"; };
		F880FE07210DD98000FC89F7 /* Test_OrderedBinaryTree.swift */ = {isa = PBXFileReference; lastKnownFileType = sourcecode.swift; path = Test_OrderedBinaryTree.swift; sourceTree = "<group>"; };
		F880FE0A210DDABA00FC89F7 /* BinaryNode.swift */ = {isa = PBXFileReference; lastKnownFileType = sourcecode.swift; path = BinaryNode.swift; sourceTree = "<group>"; };
		F8A0B242210CBABC00D949DE /* Exc_0 */ = {isa = PBXFileReference; explicitFileType = "compiled.mach-o.executable"; includeInIndex = 0; path = Exc_0; sourceTree = BUILT_PRODUCTS_DIR; };
		F8A0B245210CBABC00D949DE /* main.swift */ = {isa = PBXFileReference; lastKnownFileType = sourcecode.swift; path = main.swift; sourceTree = "<group>"; };
		F8A0B24C210CBACF00D949DE /* AvlTree.swift */ = {isa = PBXFileReference; lastKnownFileType = sourcecode.swift; path = AvlTree.swift; sourceTree = "<group>"; };
		F8A0B24E210CBC5E00D949DE /* Extensions.swift */ = {isa = PBXFileReference; lastKnownFileType = sourcecode.swift; path = Extensions.swift; sourceTree = "<group>"; };
		F8B9D107210F1595008806C5 /* AvlNode.swift */ = {isa = PBXFileReference; lastKnownFileType = sourcecode.swift; path = AvlNode.swift; sourceTree = "<group>"; };
/* End PBXFileReference section */

/* Begin PBXFrameworksBuildPhase section */
		F880FDFC210DD85500FC89F7 /* Frameworks */ = {
			isa = PBXFrameworksBuildPhase;
			buildActionMask = 2147483647;
			files = (
			);
			runOnlyForDeploymentPostprocessing = 0;
		};
		F8A0B23F210CBABC00D949DE /* Frameworks */ = {
			isa = PBXFrameworksBuildPhase;
			buildActionMask = 2147483647;
			files = (
			);
			runOnlyForDeploymentPostprocessing = 0;
		};
/* End PBXFrameworksBuildPhase section */

/* Begin PBXGroup section */
		F880FE00210DD85500FC89F7 /* TreeUnitTests */ = {
			isa = PBXGroup;
			children = (
				F880FE01210DD85500FC89F7 /* TreeUnitTests.swift */,
				F880FE03210DD85500FC89F7 /* Info.plist */,
				F880FE07210DD98000FC89F7 /* Test_OrderedBinaryTree.swift */,
			);
			path = TreeUnitTests;
			sourceTree = "<group>";
		};
		F880FE09210DDA9500FC89F7 /* Models */ = {
			isa = PBXGroup;
			children = (
				F880FE0A210DDABA00FC89F7 /* BinaryNode.swift */,
				F8B9D107210F1595008806C5 /* AvlNode.swift */,
				F8A0B24E210CBC5E00D949DE /* Extensions.swift */,
			);
			name = Models;
			sourceTree = "<group>";
		};
		F8A0B239210CBABC00D949DE = {
			isa = PBXGroup;
			children = (
				F8A0B244210CBABC00D949DE /* Exc_0 */,
				F880FE00210DD85500FC89F7 /* TreeUnitTests */,
				F8A0B243210CBABC00D949DE /* Products */,
			);
			sourceTree = "<group>";
		};
		F8A0B243210CBABC00D949DE /* Products */ = {
			isa = PBXGroup;
			children = (
				F8A0B242210CBABC00D949DE /* Exc_0 */,
				F880FDFF210DD85500FC89F7 /* TreeUnitTests.xctest */,
			);
			name = Products;
			sourceTree = "<group>";
		};
		F8A0B244210CBABC00D949DE /* Exc_0 */ = {
			isa = PBXGroup;
			children = (
				F8B9D109210F15BE008806C5 /* Trees */,
				F880FE09210DDA9500FC89F7 /* Models */,
				F8A0B245210CBABC00D949DE /* main.swift */,
			);
			path = Exc_0;
			sourceTree = "<group>";
		};
		F8B9D109210F15BE008806C5 /* Trees */ = {
			isa = PBXGroup;
			children = (
				F880FDF9210DD75200FC89F7 /* OrderedBinaryTree.swift */,
				F8A0B24C210CBACF00D949DE /* AvlTree.swift */,
			);
			path = Trees;
			sourceTree = "<group>";
		};
/* End PBXGroup section */

/* Begin PBXNativeTarget section */
		F880FDFE210DD85500FC89F7 /* TreeUnitTests */ = {
			isa = PBXNativeTarget;
			buildConfigurationList = F880FE04210DD85500FC89F7 /* Build configuration list for PBXNativeTarget "TreeUnitTests" */;
			buildPhases = (
				F880FDFB210DD85500FC89F7 /* Sources */,
				F880FDFC210DD85500FC89F7 /* Frameworks */,
				F880FDFD210DD85500FC89F7 /* Resources */,
			);
			buildRules = (
			);
			dependencies = (
			);
			name = TreeUnitTests;
			productName = TreeUnitTests;
			productReference = F880FDFF210DD85500FC89F7 /* TreeUnitTests.xctest */;
			productType = "com.apple.product-type.bundle.unit-test";
		};
		F8A0B241210CBABC00D949DE /* Exc_0 */ = {
			isa = PBXNativeTarget;
			buildConfigurationList = F8A0B249210CBABC00D949DE /* Build configuration list for PBXNativeTarget "Exc_0" */;
			buildPhases = (
				F8A0B23E210CBABC00D949DE /* Sources */,
				F8A0B23F210CBABC00D949DE /* Frameworks */,
				F8A0B240210CBABC00D949DE /* CopyFiles */,
			);
			buildRules = (
			);
			dependencies = (
			);
			name = Exc_0;
			productName = Exc_0;
			productReference = F8A0B242210CBABC00D949DE /* Exc_0 */;
			productType = "com.apple.product-type.tool";
		};
/* End PBXNativeTarget section */

/* Begin PBXProject section */
		F8A0B23A210CBABC00D949DE /* Project object */ = {
			isa = PBXProject;
			attributes = {
				LastSwiftUpdateCheck = 0940;
				LastUpgradeCheck = 0940;
				ORGANIZATIONNAME = Lsgsk;
				TargetAttributes = {
					F880FDFE210DD85500FC89F7 = {
						CreatedOnToolsVersion = 9.4.1;
					};
					F8A0B241210CBABC00D949DE = {
						CreatedOnToolsVersion = 9.4.1;
					};
				};
			};
			buildConfigurationList = F8A0B23D210CBABC00D949DE /* Build configuration list for PBXProject "Exc_0" */;
			compatibilityVersion = "Xcode 9.3";
			developmentRegion = en;
			hasScannedForEncodings = 0;
			knownRegions = (
				en,
			);
			mainGroup = F8A0B239210CBABC00D949DE;
			productRefGroup = F8A0B243210CBABC00D949DE /* Products */;
			projectDirPath = "";
			projectRoot = "";
			targets = (
				F8A0B241210CBABC00D949DE /* Exc_0 */,
				F880FDFE210DD85500FC89F7 /* TreeUnitTests */,
			);
		};
/* End PBXProject section */

/* Begin PBXResourcesBuildPhase section */
		F880FDFD210DD85500FC89F7 /* Resources */ = {
			isa = PBXResourcesBuildPhase;
			buildActionMask = 2147483647;
			files = (
			);
			runOnlyForDeploymentPostprocessing = 0;
		};
/* End PBXResourcesBuildPhase section */

/* Begin PBXSourcesBuildPhase section */
		F880FDFB210DD85500FC89F7 /* Sources */ = {
			isa = PBXSourcesBuildPhase;
			buildActionMask = 2147483647;
			files = (
				F880FE0E210DEC7300FC89F7 /* Extensions.swift in Sources */,
				F880FE0C210DE17F00FC89F7 /* OrderedBinaryTree.swift in Sources */,
				F880FE08210DD98000FC89F7 /* Test_OrderedBinaryTree.swift in Sources */,
				F880FE0D210DE1B000FC89F7 /* BinaryNode.swift in Sources */,
				F880FE02210DD85500FC89F7 /* TreeUnitTests.swift in Sources */,
				F8B9D10A210F27AA008806C5 /* AvlNode.swift in Sources */,
				F880FE0F210DEC9000FC89F7 /* AvlTree.swift in Sources */,
			);
			runOnlyForDeploymentPostprocessing = 0;
		};
		F8A0B23E210CBABC00D949DE /* Sources */ = {
			isa = PBXSourcesBuildPhase;
			buildActionMask = 2147483647;
			files = (
				F8A0B246210CBABC00D949DE /* main.swift in Sources */,
				F880FDFA210DD75200FC89F7 /* OrderedBinaryTree.swift in Sources */,
				F880FE0B210DDABA00FC89F7 /* BinaryNode.swift in Sources */,
				F8B9D108210F1595008806C5 /* AvlNode.swift in Sources */,
				F8A0B24F210CBC5E00D949DE /* Extensions.swift in Sources */,
				F8A0B24D210CBACF00D949DE /* AvlTree.swift in Sources */,
			);
			runOnlyForDeploymentPostprocessing = 0;
		};
/* End PBXSourcesBuildPhase section */

/* Begin XCBuildConfiguration section */
		F880FE05210DD85500FC89F7 /* Debug */ = {
			isa = XCBuildConfiguration;
			buildSettings = {
				CODE_SIGN_STYLE = Automatic;
				COMBINE_HIDPI_IMAGES = YES;
				DEVELOPMENT_TEAM = 95CZ42W74S;
				INFOPLIST_FILE = TreeUnitTests/Info.plist;
				LD_RUNPATH_SEARCH_PATHS = (
					"$(inherited)",
					"@executable_path/../Frameworks",
					"@loader_path/../Frameworks",
				);
				PRODUCT_BUNDLE_IDENTIFIER = Lsgsk.TreeUnitTests;
				PRODUCT_NAME = "$(TARGET_NAME)";
				SWIFT_VERSION = 4.0;
			};
			name = Debug;
		};
		F880FE06210DD85500FC89F7 /* Release */ = {
			isa = XCBuildConfiguration;
			buildSettings = {
				CODE_SIGN_STYLE = Automatic;
				COMBINE_HIDPI_IMAGES = YES;
				DEVELOPMENT_TEAM = 95CZ42W74S;
				INFOPLIST_FILE = TreeUnitTests/Info.plist;
				LD_RUNPATH_SEARCH_PATHS = (
					"$(inherited)",
					"@executable_path/../Frameworks",
					"@loader_path/../Frameworks",
				);
				PRODUCT_BUNDLE_IDENTIFIER = Lsgsk.TreeUnitTests;
				PRODUCT_NAME = "$(TARGET_NAME)";
				SWIFT_VERSION = 4.0;
			};
			name = Release;
		};
		F8A0B247210CBABC00D949DE /* Debug */ = {
			isa = XCBuildConfiguration;
			buildSettings = {
				ALWAYS_SEARCH_USER_PATHS = NO;
				CLANG_ANALYZER_NONNULL = YES;
				CLANG_ANALYZER_NUMBER_OBJECT_CONVERSION = YES_AGGRESSIVE;
				CLANG_CXX_LANGUAGE_STANDARD = "gnu++14";
				CLANG_CXX_LIBRARY = "libc++";
				CLANG_ENABLE_MODULES = YES;
				CLANG_ENABLE_OBJC_ARC = YES;
				CLANG_ENABLE_OBJC_WEAK = YES;
				CLANG_WARN_BLOCK_CAPTURE_AUTORELEASING = YES;
				CLANG_WARN_BOOL_CONVERSION = YES;
				CLANG_WARN_COMMA = YES;
				CLANG_WARN_CONSTANT_CONVERSION = YES;
				CLANG_WARN_DEPRECATED_OBJC_IMPLEMENTATIONS = YES;
				CLANG_WARN_DIRECT_OBJC_ISA_USAGE = YES_ERROR;
				CLANG_WARN_DOCUMENTATION_COMMENTS = YES;
				CLANG_WARN_EMPTY_BODY = YES;
				CLANG_WARN_ENUM_CONVERSION = YES;
				CLANG_WARN_INFINITE_RECURSION = YES;
				CLANG_WARN_INT_CONVERSION = YES;
				CLANG_WARN_NON_LITERAL_NULL_CONVERSION = YES;
				CLANG_WARN_OBJC_IMPLICIT_RETAIN_SELF = YES;
				CLANG_WARN_OBJC_LITERAL_CONVERSION = YES;
				CLANG_WARN_OBJC_ROOT_CLASS = YES_ERROR;
				CLANG_WARN_RANGE_LOOP_ANALYSIS = YES;
				CLANG_WARN_STRICT_PROTOTYPES = YES;
				CLANG_WARN_SUSPICIOUS_MOVE = YES;
				CLANG_WARN_UNGUARDED_AVAILABILITY = YES_AGGRESSIVE;
				CLANG_WARN_UNREACHABLE_CODE = YES;
				CLANG_WARN__DUPLICATE_METHOD_MATCH = YES;
				CODE_SIGN_IDENTITY = "Mac Developer";
				COPY_PHASE_STRIP = NO;
				DEBUG_INFORMATION_FORMAT = dwarf;
				ENABLE_STRICT_OBJC_MSGSEND = YES;
				ENABLE_TESTABILITY = YES;
				GCC_C_LANGUAGE_STANDARD = gnu11;
				GCC_DYNAMIC_NO_PIC = NO;
				GCC_NO_COMMON_BLOCKS = YES;
				GCC_OPTIMIZATION_LEVEL = 0;
				GCC_PREPROCESSOR_DEFINITIONS = (
					"DEBUG=1",
					"$(inherited)",
				);
				GCC_WARN_64_TO_32_BIT_CONVERSION = YES;
				GCC_WARN_ABOUT_RETURN_TYPE = YES_ERROR;
				GCC_WARN_UNDECLARED_SELECTOR = YES;
				GCC_WARN_UNINITIALIZED_AUTOS = YES_AGGRESSIVE;
				GCC_WARN_UNUSED_FUNCTION = YES;
				GCC_WARN_UNUSED_VARIABLE = YES;
				MACOSX_DEPLOYMENT_TARGET = 10.13;
				MTL_ENABLE_DEBUG_INFO = YES;
				ONLY_ACTIVE_ARCH = YES;
				SDKROOT = macosx;
				SWIFT_ACTIVE_COMPILATION_CONDITIONS = DEBUG;
				SWIFT_OPTIMIZATION_LEVEL = "-Onone";
			};
			name = Debug;
		};
		F8A0B248210CBABC00D949DE /* Release */ = {
			isa = XCBuildConfiguration;
			buildSettings = {
				ALWAYS_SEARCH_USER_PATHS = NO;
				CLANG_ANALYZER_NONNULL = YES;
				CLANG_ANALYZER_NUMBER_OBJECT_CONVERSION = YES_AGGRESSIVE;
				CLANG_CXX_LANGUAGE_STANDARD = "gnu++14";
				CLANG_CXX_LIBRARY = "libc++";
				CLANG_ENABLE_MODULES = YES;
				CLANG_ENABLE_OBJC_ARC = YES;
				CLANG_ENABLE_OBJC_WEAK = YES;
				CLANG_WARN_BLOCK_CAPTURE_AUTORELEASING = YES;
				CLANG_WARN_BOOL_CONVERSION = YES;
				CLANG_WARN_COMMA = YES;
				CLANG_WARN_CONSTANT_CONVERSION = YES;
				CLANG_WARN_DEPRECATED_OBJC_IMPLEMENTATIONS = YES;
				CLANG_WARN_DIRECT_OBJC_ISA_USAGE = YES_ERROR;
				CLANG_WARN_DOCUMENTATION_COMMENTS = YES;
				CLANG_WARN_EMPTY_BODY = YES;
				CLANG_WARN_ENUM_CONVERSION = YES;
				CLANG_WARN_INFINITE_RECURSION = YES;
				CLANG_WARN_INT_CONVERSION = YES;
				CLANG_WARN_NON_LITERAL_NULL_CONVERSION = YES;
				CLANG_WARN_OBJC_IMPLICIT_RETAIN_SELF = YES;
				CLANG_WARN_OBJC_LITERAL_CONVERSION = YES;
				CLANG_WARN_OBJC_ROOT_CLASS = YES_ERROR;
				CLANG_WARN_RANGE_LOOP_ANALYSIS = YES;
				CLANG_WARN_STRICT_PROTOTYPES = YES;
				CLANG_WARN_SUSPICIOUS_MOVE = YES;
				CLANG_WARN_UNGUARDED_AVAILABILITY = YES_AGGRESSIVE;
				CLANG_WARN_UNREACHABLE_CODE = YES;
				CLANG_WARN__DUPLICATE_METHOD_MATCH = YES;
				CODE_SIGN_IDENTITY = "Mac Developer";
				COPY_PHASE_STRIP = NO;
				DEBUG_INFORMATION_FORMAT = "dwarf-with-dsym";
				ENABLE_NS_ASSERTIONS = NO;
				ENABLE_STRICT_OBJC_MSGSEND = YES;
				GCC_C_LANGUAGE_STANDARD = gnu11;
				GCC_NO_COMMON_BLOCKS = YES;
				GCC_WARN_64_TO_32_BIT_CONVERSION = YES;
				GCC_WARN_ABOUT_RETURN_TYPE = YES_ERROR;
				GCC_WARN_UNDECLARED_SELECTOR = YES;
				GCC_WARN_UNINITIALIZED_AUTOS = YES_AGGRESSIVE;
				GCC_WARN_UNUSED_FUNCTION = YES;
				GCC_WARN_UNUSED_VARIABLE = YES;
				MACOSX_DEPLOYMENT_TARGET = 10.13;
				MTL_ENABLE_DEBUG_INFO = NO;
				SDKROOT = macosx;
				SWIFT_COMPILATION_MODE = wholemodule;
				SWIFT_OPTIMIZATION_LEVEL = "-O";
			};
			name = Release;
		};
		F8A0B24A210CBABC00D949DE /* Debug */ = {
			isa = XCBuildConfiguration;
			buildSettings = {
				CODE_SIGN_STYLE = Automatic;
				DEVELOPMENT_TEAM = 95CZ42W74S;
				PRODUCT_NAME = "$(TARGET_NAME)";
				SWIFT_VERSION = 4.0;
			};
			name = Debug;
		};
		F8A0B24B210CBABC00D949DE /* Release */ = {
			isa = XCBuildConfiguration;
			buildSettings = {
				CODE_SIGN_STYLE = Automatic;
				DEVELOPMENT_TEAM = 95CZ42W74S;
				PRODUCT_NAME = "$(TARGET_NAME)";
				SWIFT_VERSION = 4.0;
			};
			name = Release;
		};
/* End XCBuildConfiguration section */

/* Begin XCConfigurationList section */
		F880FE04210DD85500FC89F7 /* Build configuration list for PBXNativeTarget "TreeUnitTests" */ = {
			isa = XCConfigurationList;
			buildConfigurations = (
				F880FE05210DD85500FC89F7 /* Debug */,
				F880FE06210DD85500FC89F7 /* Release */,
			);
			defaultConfigurationIsVisible = 0;
			defaultConfigurationName = Release;
		};
		F8A0B23D210CBABC00D949DE /* Build configuration list for PBXProject "Exc_0" */ = {
			isa = XCConfigurationList;
			buildConfigurations = (
				F8A0B247210CBABC00D949DE /* Debug */,
				F8A0B248210CBABC00D949DE /* Release */,
			);
			defaultConfigurationIsVisible = 0;
			defaultConfigurationName = Release;
		};
		F8A0B249210CBABC00D949DE /* Build configuration list for PBXNativeTarget "Exc_0" */ = {
			isa = XCConfigurationList;
			buildConfigurations = (
				F8A0B24A210CBABC00D949DE /* Debug */,
				F8A0B24B210CBABC00D949DE /* Release */,
			);
			defaultConfigurationIsVisible = 0;
			defaultConfigurationName = Release;
		};
/* End XCConfigurationList section */
	};
	rootObject = F8A0B23A210CBABC00D949DE /* Project object */;
}
